
Microsoft Visual Studio Solution File, Format Version 12.00
# Visual Studio Version 16
VisualStudioVersion = 16.0.29009.5
MinimumVisualStudioVersion = 10.0.40219.1
Project("{9A19103F-16F7-4668-BE54-9A1E7A4F7556}") = "VirusTotalNet", "VirusTotalNet\VirusTotalNet.csproj", "{E98F21E1-E613-4380-841B-58690AFBA620}"
EndProject
Project("{9A19103F-16F7-4668-BE54-9A1E7A4F7556}") = "VirusTotalNet.Examples", "VirusTotalNet.Examples\VirusTotalNet.Examples.csproj", "{744105A6-A97A-44AB-A294-375A9AEE7D6F}"
EndProject
Project("{9A19103F-16F7-4668-BE54-9A1E7A4F7556}") = "VirusTotalNet.Tests", "VirusTotalNet.Tests\VirusTotalNet.Tests.csproj", "{1A6CAB28-AE7A-4B7B-A4B5-06123D2E4B64}"
EndProject
Project("{2150E333-8FDC-42A3-9474-1A3956D46DE8}") = "Imports", "Imports", "{527837F9-33C1-4332-B64D-D7CD0594CC75}"
	ProjectSection(SolutionItems) = preProject
		..\Properties.targets = ..\Properties.targets
	EndProjectSection
EndProject
Global
	GlobalSection(SolutionConfigurationPlatforms) = preSolution
		Debug|Any CPU = Debug|Any CPU
		Release|Any CPU = Release|Any CPU
	EndGlobalSection
	GlobalSection(ProjectConfigurationPlatforms) = postSolution
		{E98F21E1-E613-4380-841B-58690AFBA620}.Debug|Any CPU.ActiveCfg = Debug|Any CPU
		{E98F21E1-E613-4380-841B-58690AFBA620}.Debug|Any CPU.Build.0 = Debug|Any CPU
		{E98F21E1-E613-4380-841B-58690AFBA620}.Release|Any CPU.ActiveCfg = Release|Any CPU
		{E98F21E1-E613-4380-841B-58690AFBA620}.Release|Any CPU.Build.0 = Release|Any CPU
		{744105A6-A97A-44AB-A294-375A9AEE7D6F}.Debug|Any CPU.ActiveCfg = Debug|Any CPU
		{744105A6-A97A-44AB-A294-375A9AEE7D6F}.Debug|Any CPU.Build.0 = Debug|Any CPU
		{744105A6-A97A-44AB-A294-375A9AEE7D6F}.Release|Any CPU.ActiveCfg = Release|Any CPU
		{744105A6-A97A-44AB-A294-375A9AEE7D6F}.Release|Any CPU.Build.0 = Release|Any CPU
		{1A6CAB28-AE7A-4B7B-A4B5-06123D2E4B64}.Debug|Any CPU.ActiveCfg = Debug|Any CPU
		{1A6CAB28-AE7A-4B7B-A4B5-06123D2E4B64}.Debug|Any CPU.Build.0 = Debug|Any CPU
		{1A6CAB28-AE7A-4B7B-A4B5-06123D2E4B64}.Release|Any CPU.ActiveCfg = Release|Any CPU
		{1A6CAB28-AE7A-4B7B-A4B5-06123D2E4B64}.Release|Any CPU.Build.0 = Release|Any CPU
	EndGlobalSection
	GlobalSection(SolutionProperties) = preSolution
		HideSolutionNode = FALSE
	EndGlobalSection
	GlobalSection(ExtensibilityGlobals) = postSolution
		SolutionGuid = {7F8514BD-D1C4-42C8-8281-6C78B021347D}
	EndGlobalSection
EndGlobal
